
Microsoft Visual Studio Solution File, Format Version 12.00
# Visual Studio Version 16
VisualStudioVersion = 16.0.29920.165
MinimumVisualStudioVersion = 10.0.40219.1
Project("{FAE04EC0-301F-11D3-BF4B-00C04F79EFBC}") = "RC-FE Design - Analysis and synthesis", "RC-FE Design - Analysis and synthesis\RC-FE Design - Analysis and synthesis.csproj", "{B935E4EA-EF43-467A-AB3E-6ABB8B27294E}"
EndProject
Project("{8BC9CEB8-8B4A-11D0-8D11-00A0C91BC942}") = "RCWorkbenchLibrary", "RCWorkbenchLibrary\RCWorkbenchLibrary.vcxproj", "{885A2F5A-5C7F-4883-8B42-8BF4E107B47F}"
EndProject
Project("{8BC9CEB8-8B4A-11D0-8D11-00A0C91BC942}") = "RCWorkbenchLibraryCore", "RCWorkbenchLibraryCore\RCWorkbenchLibraryCore.vcxproj", "{D43EA9B2-ACA2-44F5-B9FE-F1A5535A211C}"
EndProject
Global
	GlobalSection(SolutionConfigurationPlatforms) = preSolution
		Debug|Any CPU = Debug|Any CPU
		Debug|x64 = Debug|x64
		Debug|x86 = Debug|x86
		Release|Any CPU = Release|Any CPU
		Release|x64 = Release|x64
		Release|x86 = Release|x86
	EndGlobalSection
	GlobalSection(ProjectConfigurationPlatforms) = postSolution
		{B935E4EA-EF43-467A-AB3E-6ABB8B27294E}.Debug|Any CPU.ActiveCfg = Debug|Any CPU
		{B935E4EA-EF43-467A-AB3E-6ABB8B27294E}.Debug|Any CPU.Build.0 = Debug|Any CPU
		{B935E4EA-EF43-467A-AB3E-6ABB8B27294E}.Debug|x64.ActiveCfg = Debug|Any CPU
		{B935E4EA-EF43-467A-AB3E-6ABB8B27294E}.Debug|x64.Build.0 = Debug|Any CPU
		{B935E4EA-EF43-467A-AB3E-6ABB8B27294E}.Debug|x86.ActiveCfg = Debug|Any CPU
		{B935E4EA-EF43-467A-AB3E-6ABB8B27294E}.Debug|x86.Build.0 = Debug|Any CPU
		{B935E4EA-EF43-467A-AB3E-6ABB8B27294E}.Release|Any CPU.ActiveCfg = Release|Any CPU
		{B935E4EA-EF43-467A-AB3E-6ABB8B27294E}.Release|Any CPU.Build.0 = Release|Any CPU
		{B935E4EA-EF43-467A-AB3E-6ABB8B27294E}.Release|x64.ActiveCfg = Release|Any CPU
		{B935E4EA-EF43-467A-AB3E-6ABB8B27294E}.Release|x64.Build.0 = Release|Any CPU
		{B935E4EA-EF43-467A-AB3E-6ABB8B27294E}.Release|x86.ActiveCfg = Release|Any CPU
		{B935E4EA-EF43-467A-AB3E-6ABB8B27294E}.Release|x86.Build.0 = Release|Any CPU
		{885A2F5A-5C7F-4883-8B42-8BF4E107B47F}.Debug|Any CPU.ActiveCfg = Debug|Win32
		{885A2F5A-5C7F-4883-8B42-8BF4E107B47F}.Debug|x64.ActiveCfg = Debug|x64
		{885A2F5A-5C7F-4883-8B42-8BF4E107B47F}.Debug|x64.Build.0 = Debug|x64
		{885A2F5A-5C7F-4883-8B42-8BF4E107B47F}.Debug|x86.ActiveCfg = Debug|Win32
		{885A2F5A-5C7F-4883-8B42-8BF4E107B47F}.Debug|x86.Build.0 = Debug|Win32
		{885A2F5A-5C7F-4883-8B42-8BF4E107B47F}.Release|Any CPU.ActiveCfg = Release|Win32
		{885A2F5A-5C7F-4883-8B42-8BF4E107B47F}.Release|x64.ActiveCfg = Release|x64
		{885A2F5A-5C7F-4883-8B42-8BF4E107B47F}.Release|x64.Build.0 = Release|x64
		{885A2F5A-5C7F-4883-8B42-8BF4E107B47F}.Release|x86.ActiveCfg = Release|Win32
		{885A2F5A-5C7F-4883-8B42-8BF4E107B47F}.Release|x86.Build.0 = Release|Win32
		{D43EA9B2-ACA2-44F5-B9FE-F1A5535A211C}.Debug|Any CPU.ActiveCfg = Debug|Win32
		{D43EA9B2-ACA2-44F5-B9FE-F1A5535A211C}.Debug|x64.ActiveCfg = Debug|x64
		{D43EA9B2-ACA2-44F5-B9FE-F1A5535A211C}.Debug|x64.Build.0 = Debug|x64
		{D43EA9B2-ACA2-44F5-B9FE-F1A5535A211C}.Debug|x86.ActiveCfg = Debug|Win32
		{D43EA9B2-ACA2-44F5-B9FE-F1A5535A211C}.Debug|x86.Build.0 = Debug|Win32
		{D43EA9B2-ACA2-44F5-B9FE-F1A5535A211C}.Release|Any CPU.ActiveCfg = Release|Win32
		{D43EA9B2-ACA2-44F5-B9FE-F1A5535A211C}.Release|x64.ActiveCfg = Release|x64
		{D43EA9B2-ACA2-44F5-B9FE-F1A5535A211C}.Release|x64.Build.0 = Release|x64
		{D43EA9B2-ACA2-44F5-B9FE-F1A5535A211C}.Release|x86.ActiveCfg = Release|Win32
		{D43EA9B2-ACA2-44F5-B9FE-F1A5535A211C}.Release|x86.Build.0 = Release|Win32
	EndGlobalSection
	GlobalSection(SolutionProperties) = preSolution
		HideSolutionNode = FALSE
	EndGlobalSection
	GlobalSection(ExtensibilityGlobals) = postSolution
		SolutionGuid = {63CDC051-BA43-477D-85AA-D35840F062B0}
	EndGlobalSection
EndGlobal
